
Microsoft Visual Studio Solution File, Format Version 12.00
# Visual Studio Version 17
VisualStudioVersion = 17.11.35222.181
MinimumVisualStudioVersion = 10.0.40219.1
Project("{9A19103F-16F7-4668-BE54-9A1E7A4F7556}") = "ProductApi", "ProductApi.csproj", "{2603D344-318D-41A4-922C-F50A0704E19C}"
EndProject
Global
	GlobalSection(SolutionConfigurationPlatforms) = preSolution
		Debug|Any CPU = Debug|Any CPU
		Release|Any CPU = Release|Any CPU
	EndGlobalSection
	GlobalSection(ProjectConfigurationPlatforms) = postSolution
		{2603D344-318D-41A4-922C-F50A0704E19C}.Debug|Any CPU.ActiveCfg = Debug|Any CPU
		{2603D344-318D-41A4-922C-F50A0704E19C}.Debug|Any CPU.Build.0 = Debug|Any CPU
		{2603D344-318D-41A4-922C-F50A0704E19C}.Release|Any CPU.ActiveCfg = Release|Any CPU
		{2603D344-318D-41A4-922C-F50A0704E19C}.Release|Any CPU.Build.0 = Release|Any CPU
	EndGlobalSection
	GlobalSection(SolutionProperties) = preSolution
		HideSolutionNode = FALSE
	EndGlobalSection
	GlobalSection(ExtensibilityGlobals) = postSolution
		SolutionGuid = {E072A5FB-2B31-434B-A7A2-85B7AC0BD26A}
	EndGlobalSection
EndGlobal
